
Microsoft Visual Studio Solution File, Format Version 12.00
# Visual Studio Version 16
VisualStudioVersion = 16.0.30907.101
MinimumVisualStudioVersion = 10.0.40219.1
Project("{FAE04EC0-301F-11D3-BF4B-00C04F79EFBC}") = "Lab1", "Lab1\Lab1.csproj", "{ED223E2F-3D4E-4EA8-8F3F-364322ECFDDD}"
EndProject
Global
	GlobalSection(SolutionConfigurationPlatforms) = preSolution
		Debug|Any CPU = Debug|Any CPU
		Release|Any CPU = Release|Any CPU
	EndGlobalSection
	GlobalSection(ProjectConfigurationPlatforms) = postSolution
		{ED223E2F-3D4E-4EA8-8F3F-364322ECFDDD}.Debug|Any CPU.ActiveCfg = Debug|Any CPU
		{ED223E2F-3D4E-4EA8-8F3F-364322ECFDDD}.Debug|Any CPU.Build.0 = Debug|Any CPU
		{ED223E2F-3D4E-4EA8-8F3F-364322ECFDDD}.Release|Any CPU.ActiveCfg = Release|Any CPU
		{ED223E2F-3D4E-4EA8-8F3F-364322ECFDDD}.Release|Any CPU.Build.0 = Release|Any CPU
	EndGlobalSection
	GlobalSection(SolutionProperties) = preSolution
		HideSolutionNode = FALSE
	EndGlobalSection
	GlobalSection(ExtensibilityGlobals) = postSolution
		SolutionGuid = {533D3D5E-9D86-4D77-95C9-8F90710D5B36}
	EndGlobalSection
EndGlobal
